{
  "nodes": {
    "dschrempf-nur": {
      "inputs": {
        "flake-utils": "flake-utils",
        "nixpkgs": "nixpkgs"
      },
      "locked": {
        "lastModified": 1644937442,
        "narHash": "sha256-nWoobDnwo6SDHYjCMxbBtBf1JO21pAO3VZnRVJeB9Xg=",
        "owner": "dschrempf",
        "repo": "nur-packages",
        "rev": "b0e55ddfcd7728953722c7ffcd97b01e5faa4659",
        "type": "github"
      },
      "original": {
        "owner": "dschrempf",
        "repo": "nur-packages",
        "type": "github"
      }
    },
    "flake-utils": {
      "locked": {
        "lastModified": 1644229661,
        "narHash": "sha256-1YdnJAsNy69bpcjuoKdOYQX0YxZBiCYZo4Twxerqv7k=",
        "owner": "numtide",
        "repo": "flake-utils",
        "rev": "3cecb5b042f7f209c56ffd8371b2711a290ec797",
        "type": "github"
      },
      "original": {
        "owner": "numtide",
        "repo": "flake-utils",
        "type": "github"
      }
    },
    "flake-utils_2": {
      "locked": {
        "lastModified": 1644229661,
        "narHash": "sha256-1YdnJAsNy69bpcjuoKdOYQX0YxZBiCYZo4Twxerqv7k=",
        "owner": "numtide",
        "repo": "flake-utils",
        "rev": "3cecb5b042f7f209c56ffd8371b2711a290ec797",
        "type": "github"
      },
      "original": {
        "owner": "numtide",
        "repo": "flake-utils",
        "type": "github"
      }
    },
    "nixpkgs": {
      "locked": {
        "lastModified": 1646051047,
        "narHash": "sha256-XDJGACWVeNs3OAECpx20zegX/YDigHOUZ1nVmCJUeEM=",
        "owner": "NixOS",
        "repo": "nixpkgs",
        "rev": "21968db378c9144f418c1e8e7002316aa8b75776",
        "type": "github"
      },
      "original": {
        "owner": "NixOS",
        "ref": "nixos-unstable-small",
        "repo": "nixpkgs",
        "type": "github"
      }
    },
    "nixpkgs_2": {
      "locked": {
        "lastModified": 1646051047,
        "narHash": "sha256-XDJGACWVeNs3OAECpx20zegX/YDigHOUZ1nVmCJUeEM=",
        "owner": "NixOS",
        "repo": "nixpkgs",
        "rev": "21968db378c9144f418c1e8e7002316aa8b75776",
        "type": "github"
      },
      "original": {
        "owner": "NixOS",
        "ref": "nixos-unstable-small",
        "repo": "nixpkgs",
        "type": "github"
      }
    },
    "root": {
      "inputs": {
        "dschrempf-nur": "dschrempf-nur",
        "flake-utils": "flake-utils_2",
        "nixpkgs": "nixpkgs_2"
      }
    }
  },
  "root": "root",
  "version": 7
}
